{
  "requires": true,
  "lockfileVersion": 1,
  "dependencies": {
    "konva": {
      "version": "7.2.5",
      "resolved": "https://registry.npmjs.org/konva/-/konva-7.2.5.tgz",
      "integrity": "sha512-yk/li8rUF+09QNlOdkwbEId+QvfATMe/aMGVouWW1oFoUVTYWHsQuIAE6lWy11DK8mLJEJijkNAXC5K+NVlMew=="
    }
  }
}
